
Microsoft Visual Studio Solution File, Format Version 12.00
# Visual Studio Version 17
VisualStudioVersion = 17.1.32228.430
MinimumVisualStudioVersion = 10.0.40219.1
Project("{FAE04EC0-301F-11D3-BF4B-00C04F79EFBC}") = "WpfCakeOrderForm", "WpfCakeOrderForm\WpfCakeOrderForm.csproj", "{1842F290-963C-439E-8E00-84D69FFF6768}"
EndProject
Global
	GlobalSection(SolutionConfigurationPlatforms) = preSolution
		Debug|Any CPU = Debug|Any CPU
		Release|Any CPU = Release|Any CPU
	EndGlobalSection
	GlobalSection(ProjectConfigurationPlatforms) = postSolution
		{1842F290-963C-439E-8E00-84D69FFF6768}.Debug|Any CPU.ActiveCfg = Debug|Any CPU
		{1842F290-963C-439E-8E00-84D69FFF6768}.Debug|Any CPU.Build.0 = Debug|Any CPU
		{1842F290-963C-439E-8E00-84D69FFF6768}.Release|Any CPU.ActiveCfg = Release|Any CPU
		{1842F290-963C-439E-8E00-84D69FFF6768}.Release|Any CPU.Build.0 = Release|Any CPU
	EndGlobalSection
	GlobalSection(SolutionProperties) = preSolution
		HideSolutionNode = FALSE
	EndGlobalSection
	GlobalSection(ExtensibilityGlobals) = postSolution
		SolutionGuid = {1645B620-5EB0-4445-8BF7-2C1F987BBAE5}
	EndGlobalSection
EndGlobal
